<?xml version="1.0" encoding="utf-8"?>
<Project ToolsVersion="4.0" xmlns="http://schemas.microsoft.com/developer/msbuild/2003">
  <ItemGroup>
    <Filter Include="Header Files">
      <UniqueIdentifier>{93995380-89BD-4b04-88EB-625FBE52EBFB}</UniqueIdentifier>
      <Extensions>h;hh;hpp;hxx;hm;inl;inc;ipp;xsd</Extensions>
    </Filter>
    <Filter Include="Resource Files">
      <UniqueIdentifier>{67DA6AB6-F800-4c08-8B7A-83BB121AAD01}</UniqueIdentifier>
      <Extensions>rc;ico;cur;bmp;dlg;rc2;rct;bin;rgs;gif;jpg;jpeg;jpe;resx;tiff;tif;png;wav;mfcribbon-ms</Extensions>
    </Filter>
    <Filter Include="Acton">
      <UniqueIdentifier>{85ea1e39-7287-4d15-8ba1-6e60488f0448}</UniqueIdentifier>
    </Filter>
    <Filter Include="Db">
      <UniqueIdentifier>{656f331f-75f4-4954-9d4e-d69adf8d3ac1}</UniqueIdentifier>
    </Filter>
    <Filter Include="O.Common">
      <UniqueIdentifier>{31e326fd-9f3d-4157-92d4-6eace28c0ea4}</UniqueIdentifier>
    </Filter>
    <Filter Include="src">
      <UniqueIdentifier>{4FC737F1-C7A5-4376-A066-2A32D752A2FF}</UniqueIdentifier>
      <Extensions>cpp;c;cc;cxx;def;odl;idl;hpj;bat;asm;asmx</Extensions>
    </Filter>
  </ItemGroup>
  <ItemGroup>
    <ClCompile Include="ARC_USB.cpp">
      <Filter>src</Filter>
    </ClCompile>
  </ItemGroup>
  <ItemGroup>
    <ClInclude Include="ARC_USB.h">
      <Filter>Header Files</Filter>
    </ClInclude>
    <ClInclude Include="..\Acton\ARC_Instrument_dll.h">
      <Filter>Acton</Filter>
    </ClInclude>
    <ClInclude Include="..\Acton\ARC_Instrument_x64.h">
      <Filter>Acton</Filter>
    </ClInclude>
  </ItemGroup>
  <ItemGroup>
    <Library Include="..\Acton\ARC_Instrument_x64.lib">
      <Filter>Acton</Filter>
    </Library>
  </ItemGroup>
  <ItemGroup>
    <None Include="..\Db\ARC_Instrument.substitutions">
      <Filter>Db</Filter>
    </None>
    <None Include="..\Db\ARC_Instrument.template">
      <Filter>Db</Filter>
    </None>
    <None Include="O.Common\ARC_Instrument.dbd">
      <Filter>O.Common</Filter>
    </None>
  </ItemGroup>
  <ItemGroup>
    <CustomBuild Include="ARC_InstrumentInclude.dbd">
      <Filter>src</Filter>
    </CustomBuild>
  </ItemGroup>
</Project>